{
  "version": 4,
  "terraform_version": "0.12.18",
  "serial": 1,
  "lineage": "79c7d502-ddf7-7b2f-bc21-7cf1320df573",
  "outputs": {},
  "resources": [
    {
      "module": "module.app",
      "mode": "managed",
      "type": "google_compute_instance",
      "name": "app",
      "provider": "provider.google",
      "instances": []
    },
    {
      "module": "module.db",
      "mode": "managed",
      "type": "google_compute_instance",
      "name": "db",
      "provider": "provider.google",
      "instances": [
        {
          "schema_version": 6,
          "attributes": {
            "allow_stopping_for_update": null,
            "attached_disk": [],
            "boot_disk": [
              {
                "auto_delete": true,
                "device_name": "persistent-disk-0",
                "disk_encryption_key_raw": "",
                "disk_encryption_key_sha256": "",
                "initialize_params": [
                  {
                    "image": "https://www.googleapis.com/compute/v1/projects/devops-1-262914/global/images/reddit-db-base",
                    "labels": {},
                    "size": 10,
                    "type": "pd-standard"
                  }
                ],
                "kms_key_self_link": "",
                "mode": "READ_WRITE",
                "source": "https://www.googleapis.com/compute/v1/projects/devops-1-262914/zones/europe-west1-b/disks/reddit-db"
              }
            ],
            "can_ip_forward": false,
            "cpu_platform": "Intel Haswell",
            "deletion_protection": false,
            "description": "",
            "enable_display": false,
            "guest_accelerator": [],
            "hostname": "",
            "id": "projects/devops-1-262914/zones/europe-west1-b/instances/reddit-db",
            "instance_id": "4970050614226181644",
            "label_fingerprint": "42WmSpB8rSM=",
            "labels": null,
            "machine_type": "g1-small",
            "metadata": {
              "sshKeys": "appuser:ssh-rsa AAAAB3NzaC1yc2EAAAADAQABAAABAQDYFkEL8G3VxkfcEBqEWOvuyYZTzk5cT8WIm3o7sNvoaWznTGk3PbRaRfbk+qMv6W0r5TS120zg8E77WjytMNKeulZntZYJ3klTESfrRieJyWpojWsUfPnZDxU06Mlu5uitjdJiC8MBRYims7Ju/mNl4LoDunGtWlEDlm7dRxR37hC8Yz7tRPwmjj9Nbhz7IJJWRgaMpqr5MyxiVIvE6/0yuQ1VofCeCehf5zKMKs/UaPW19uu6lFaS9QTX8Dm+JYVCMM7uW6O2wWbmbKMVvpr0dAvH15ZPK1yjhz0Ezyu7YIF8sQVNWOUyk9mHdrxek1gpMSgWaVqarG6yASMD/Nyh appuser\n"
            },
            "metadata_fingerprint": "BjjlXmpY1Hw=",
            "metadata_startup_script": "",
            "min_cpu_platform": "",
            "name": "reddit-db",
            "network_interface": [
              {
                "access_config": [
                  {
                    "nat_ip": "146.148.4.163",
                    "network_tier": "PREMIUM",
                    "public_ptr_domain_name": ""
                  }
                ],
                "alias_ip_range": [],
                "name": "nic0",
                "network": "https://www.googleapis.com/compute/v1/projects/devops-1-262914/global/networks/default",
                "network_ip": "10.132.0.47",
                "subnetwork": "https://www.googleapis.com/compute/v1/projects/devops-1-262914/regions/europe-west1/subnetworks/default",
                "subnetwork_project": "devops-1-262914"
              }
            ],
            "project": "devops-1-262914",
            "scheduling": [
              {
                "automatic_restart": true,
                "node_affinities": [],
                "on_host_maintenance": "MIGRATE",
                "preemptible": false
              }
            ],
            "scratch_disk": [],
            "self_link": "https://www.googleapis.com/compute/v1/projects/devops-1-262914/zones/europe-west1-b/instances/reddit-db",
            "service_account": [],
            "shielded_instance_config": [],
            "tags": [
              "reddit-db"
            ],
            "tags_fingerprint": "NQyRUqL7UTU=",
            "timeouts": null,
            "zone": "europe-west1-b"
          },
          "private": "eyJlMmJmYjczMC1lY2FhLTExZTYtOGY4OC0zNDM2M2JjN2M0YzAiOnsiY3JlYXRlIjoxMjAwMDAwMDAwMDAwLCJkZWxldGUiOjEyMDAwMDAwMDAwMDAsInVwZGF0ZSI6MTIwMDAwMDAwMDAwMH0sInNjaGVtYV92ZXJzaW9uIjoiNiJ9"
        }
      ]
    }
  ]
}
